{
  "lockFileVersion": 11,
  "registryFileHashes": {
    "https://raw.githubusercontent.com/pjreiniger/bazel-central-registry/bzlmodrio/bazel_registry.json": "8a28e4aff06ee60aed2a8c281907fb8bcbf3b753c91fb5a5c57da3215d5b3497",
    "https://raw.githubusercontent.com/pjreiniger/bazel-central-registry/bzlmodrio/modules/abseil-cpp/20210324.2/MODULE.bazel": "7cd0312e064fde87c8d1cd79ba06c876bd23630c83466e9500321be55c96ace2",
    "https://raw.githubusercontent.com/pjreiniger/bazel-central-registry/bzlmodrio/modules/abseil-cpp/20211102.0/MODULE.bazel": "70390338f7a5106231d20620712f7cccb659cd0e9d073d1991c038eb9fc57589",
    "https://raw.githubusercontent.com/pjreiniger/bazel-central-registry/bzlmodrio/modules/abseil-cpp/20211102.0/source.json": "7e3a9adf473e9af076ae485ed649d5641ad50ec5c11718103f34de03170d94ad",
    "https://raw.githubusercontent.com/pjreiniger/bazel-central-registry/bzlmodrio/modules/apple_support/1.5.0/MODULE.bazel": "50341a62efbc483e8a2a6aec30994a58749bd7b885e18dd96aa8c33031e558ef",
    "https://raw.githubusercontent.com/pjreiniger/bazel-central-registry/bzlmodrio/modules/apple_support/1.5.0/source.json": "eb98a7627c0bc486b57f598ad8da50f6625d974c8f723e9ea71bd39f709c9862",
    "https://raw.githubusercontent.com/pjreiniger/bazel-central-registry/bzlmodrio/modules/bazel_features/1.11.0/MODULE.bazel": "f9382337dd5a474c3b7d334c2f83e50b6eaedc284253334cf823044a26de03e8",
    "https://raw.githubusercontent.com/pjreiniger/bazel-central-registry/bzlmodrio/modules/bazel_features/1.11.0/source.json": "c9320aa53cd1c441d24bd6b716da087ad7e4ff0d9742a9884587596edfe53015",
    "https://raw.githubusercontent.com/pjreiniger/bazel-central-registry/bzlmodrio/modules/bazel_skylib/1.0.3/MODULE.bazel": "bcb0fd896384802d1ad283b4e4eb4d718eebd8cb820b0a2c3a347fb971afd9d8",
    "https://raw.githubusercontent.com/pjreiniger/bazel-central-registry/bzlmodrio/modules/bazel_skylib/1.2.1/MODULE.bazel": "f35baf9da0efe45fa3da1696ae906eea3d615ad41e2e3def4aeb4e8bc0ef9a7a",
    "https://raw.githubusercontent.com/pjreiniger/bazel-central-registry/bzlmodrio/modules/bazel_skylib/1.3.0/MODULE.bazel": "20228b92868bf5cfc41bda7afc8a8ba2a543201851de39d990ec957b513579c5",
    "https://raw.githubusercontent.com/pjreiniger/bazel-central-registry/bzlmodrio/modules/bazel_skylib/1.4.2/MODULE.bazel": "3bd40978e7a1fac911d5989e6b09d8f64921865a45822d8b09e815eaa726a651",
    "https://raw.githubusercontent.com/pjreiniger/bazel-central-registry/bzlmodrio/modules/bazel_skylib/1.6.1/MODULE.bazel": "8fdee2dbaace6c252131c00e1de4b165dc65af02ea278476187765e1a617b917",
    "https://raw.githubusercontent.com/pjreiniger/bazel-central-registry/bzlmodrio/modules/bazel_skylib/1.6.1/source.json": "082ed5f9837901fada8c68c2f3ddc958bb22b6d654f71dd73f3df30d45d4b749",
    "https://raw.githubusercontent.com/pjreiniger/bazel-central-registry/bzlmodrio/modules/buildozer/7.1.2/MODULE.bazel": "2e8dd40ede9c454042645fd8d8d0cd1527966aa5c919de86661e62953cd73d84",
    "https://raw.githubusercontent.com/pjreiniger/bazel-central-registry/bzlmodrio/modules/buildozer/7.1.2/source.json": "c9028a501d2db85793a6996205c8de120944f50a0d570438fcae0457a5f9d1f8",
    "https://raw.githubusercontent.com/pjreiniger/bazel-central-registry/bzlmodrio/modules/googletest/1.11.0/MODULE.bazel": "3a83f095183f66345ca86aa13c58b59f9f94a2f81999c093d4eeaa2d262d12f4",
    "https://raw.githubusercontent.com/pjreiniger/bazel-central-registry/bzlmodrio/modules/googletest/1.11.0/source.json": "c73d9ef4268c91bd0c1cd88f1f9dfa08e814b1dbe89b5f594a9f08ba0244d206",
    "https://raw.githubusercontent.com/pjreiniger/bazel-central-registry/bzlmodrio/modules/platforms/0.0.4/MODULE.bazel": "9b328e31ee156f53f3c416a64f8491f7eb731742655a47c9eec4703a71644aee",
    "https://raw.githubusercontent.com/pjreiniger/bazel-central-registry/bzlmodrio/modules/platforms/0.0.5/MODULE.bazel": "5733b54ea419d5eaf7997054bb55f6a1d0b5ff8aedf0176fef9eea44f3acda37",
    "https://raw.githubusercontent.com/pjreiniger/bazel-central-registry/bzlmodrio/modules/platforms/0.0.6/MODULE.bazel": "ad6eeef431dc52aefd2d77ed20a4b353f8ebf0f4ecdd26a807d2da5aa8cd0615",
    "https://raw.githubusercontent.com/pjreiniger/bazel-central-registry/bzlmodrio/modules/platforms/0.0.7/MODULE.bazel": "72fd4a0ede9ee5c021f6a8dd92b503e089f46c227ba2813ff183b71616034814",
    "https://raw.githubusercontent.com/pjreiniger/bazel-central-registry/bzlmodrio/modules/platforms/0.0.9/MODULE.bazel": "4a87a60c927b56ddd67db50c89acaa62f4ce2a1d2149ccb63ffd871d5ce29ebc",
    "https://raw.githubusercontent.com/pjreiniger/bazel-central-registry/bzlmodrio/modules/platforms/0.0.9/source.json": "cd74d854bf16a9e002fb2ca7b1a421f4403cda29f824a765acd3a8c56f8d43e6",
    "https://raw.githubusercontent.com/pjreiniger/bazel-central-registry/bzlmodrio/modules/protobuf/21.7/MODULE.bazel": "a5a29bb89544f9b97edce05642fac225a808b5b7be74038ea3640fae2f8e66a7",
    "https://raw.githubusercontent.com/pjreiniger/bazel-central-registry/bzlmodrio/modules/protobuf/21.7/source.json": "bbe500720421e582ff2d18b0802464205138c06056f443184de39fbb8187b09b",
    "https://raw.githubusercontent.com/pjreiniger/bazel-central-registry/bzlmodrio/modules/protobuf/3.19.0/MODULE.bazel": "6b5fbb433f760a99a22b18b6850ed5784ef0e9928a72668b66e4d7ccd47db9b0",
    "https://raw.githubusercontent.com/pjreiniger/bazel-central-registry/bzlmodrio/modules/protobuf/3.19.6/MODULE.bazel": "9233edc5e1f2ee276a60de3eaa47ac4132302ef9643238f23128fea53ea12858",
    "https://raw.githubusercontent.com/pjreiniger/bazel-central-registry/bzlmodrio/modules/rules_bzlmodrio_toolchains/2024-1.bcr1/MODULE.bazel": "c9eb05f0f01e748a5d923d56e6f846f01c630e823f01d79d40f2b04638cc43f7",
    "https://raw.githubusercontent.com/pjreiniger/bazel-central-registry/bzlmodrio/modules/rules_bzlmodrio_toolchains/2024-1.bcr1/source.json": "ede33537e659d196e38226a94a3d8543b739f38f7ced571745cb469f6adebd02",
    "https://raw.githubusercontent.com/pjreiniger/bazel-central-registry/bzlmodrio/modules/rules_cc/0.0.1/MODULE.bazel": "cb2aa0747f84c6c3a78dad4e2049c154f08ab9d166b1273835a8174940365647",
    "https://raw.githubusercontent.com/pjreiniger/bazel-central-registry/bzlmodrio/modules/rules_cc/0.0.2/MODULE.bazel": "6915987c90970493ab97393024c156ea8fb9f3bea953b2f3ec05c34f19b5695c",
    "https://raw.githubusercontent.com/pjreiniger/bazel-central-registry/bzlmodrio/modules/rules_cc/0.0.8/MODULE.bazel": "964c85c82cfeb6f3855e6a07054fdb159aced38e99a5eecf7bce9d53990afa3e",
    "https://raw.githubusercontent.com/pjreiniger/bazel-central-registry/bzlmodrio/modules/rules_cc/0.0.9/MODULE.bazel": "836e76439f354b89afe6a911a7adf59a6b2518fafb174483ad78a2a2fde7b1c5",
    "https://raw.githubusercontent.com/pjreiniger/bazel-central-registry/bzlmodrio/modules/rules_cc/0.0.9/source.json": "1f1ba6fea244b616de4a554a0f4983c91a9301640c8fe0dd1d410254115c8430",
    "https://raw.githubusercontent.com/pjreiniger/bazel-central-registry/bzlmodrio/modules/rules_java/4.0.0/MODULE.bazel": "5a78a7ae82cd1a33cef56dc578c7d2a46ed0dca12643ee45edbb8417899e6f74",
    "https://raw.githubusercontent.com/pjreiniger/bazel-central-registry/bzlmodrio/modules/rules_java/7.6.5/MODULE.bazel": "481164be5e02e4cab6e77a36927683263be56b7e36fef918b458d7a8a1ebadb1",
    "https://raw.githubusercontent.com/pjreiniger/bazel-central-registry/bzlmodrio/modules/rules_java/7.6.5/source.json": "a805b889531d1690e3c72a7a7e47a870d00323186a9904b36af83aa3d053ee8d",
    "https://raw.githubusercontent.com/pjreiniger/bazel-central-registry/bzlmodrio/modules/rules_jvm_external/4.4.2/MODULE.bazel": "a56b85e418c83eb1839819f0b515c431010160383306d13ec21959ac412d2fe7",
    "https://raw.githubusercontent.com/pjreiniger/bazel-central-registry/bzlmodrio/modules/rules_jvm_external/4.4.2/source.json": "a075731e1b46bc8425098512d038d416e966ab19684a10a34f4741295642fc35",
    "https://raw.githubusercontent.com/pjreiniger/bazel-central-registry/bzlmodrio/modules/rules_license/0.0.3/MODULE.bazel": "627e9ab0247f7d1e05736b59dbb1b6871373de5ad31c3011880b4133cafd4bd0",
    "https://raw.githubusercontent.com/pjreiniger/bazel-central-registry/bzlmodrio/modules/rules_license/0.0.7/MODULE.bazel": "088fbeb0b6a419005b89cf93fe62d9517c0a2b8bb56af3244af65ecfe37e7d5d",
    "https://raw.githubusercontent.com/pjreiniger/bazel-central-registry/bzlmodrio/modules/rules_license/0.0.7/source.json": "355cc5737a0f294e560d52b1b7a6492d4fff2caf0bef1a315df5a298fca2d34a",
    "https://raw.githubusercontent.com/pjreiniger/bazel-central-registry/bzlmodrio/modules/rules_pkg/0.7.0/MODULE.bazel": "df99f03fc7934a4737122518bb87e667e62d780b610910f0447665a7e2be62dc",
    "https://raw.githubusercontent.com/pjreiniger/bazel-central-registry/bzlmodrio/modules/rules_pkg/0.7.0/source.json": "c2557066e0c0342223ba592510ad3d812d4963b9024831f7f66fd0584dd8c66c",
    "https://raw.githubusercontent.com/pjreiniger/bazel-central-registry/bzlmodrio/modules/rules_proto/4.0.0/MODULE.bazel": "a7a7b6ce9bee418c1a760b3d84f83a299ad6952f9903c67f19e4edd964894e06",
    "https://raw.githubusercontent.com/pjreiniger/bazel-central-registry/bzlmodrio/modules/rules_proto/5.3.0-21.7/MODULE.bazel": "e8dff86b0971688790ae75528fe1813f71809b5afd57facb44dad9e8eca631b7",
    "https://raw.githubusercontent.com/pjreiniger/bazel-central-registry/bzlmodrio/modules/rules_proto/5.3.0-21.7/source.json": "d57902c052424dfda0e71646cb12668d39c4620ee0544294d9d941e7d12bc3a9",
    "https://raw.githubusercontent.com/pjreiniger/bazel-central-registry/bzlmodrio/modules/rules_python/0.10.2/MODULE.bazel": "cc82bc96f2997baa545ab3ce73f196d040ffb8756fd2d66125a530031cd90e5f",
    "https://raw.githubusercontent.com/pjreiniger/bazel-central-registry/bzlmodrio/modules/rules_python/0.22.1/MODULE.bazel": "26114f0c0b5e93018c0c066d6673f1a2c3737c7e90af95eff30cfee38d0bbac7",
    "https://raw.githubusercontent.com/pjreiniger/bazel-central-registry/bzlmodrio/modules/rules_python/0.22.1/source.json": "57226905e783bae7c37c2dd662be078728e48fa28ee4324a7eabcafb5a43d014",
    "https://raw.githubusercontent.com/pjreiniger/bazel-central-registry/bzlmodrio/modules/rules_python/0.4.0/MODULE.bazel": "9208ee05fd48bf09ac60ed269791cf17fb343db56c8226a720fbb1cdf467166c",
    "https://raw.githubusercontent.com/pjreiniger/bazel-central-registry/bzlmodrio/modules/stardoc/0.5.1/MODULE.bazel": "1a05d92974d0c122f5ccf09291442580317cdd859f07a8655f1db9a60374f9f8",
    "https://raw.githubusercontent.com/pjreiniger/bazel-central-registry/bzlmodrio/modules/stardoc/0.5.1/source.json": "a96f95e02123320aa015b956f29c00cb818fa891ef823d55148e1a362caacf29",
    "https://raw.githubusercontent.com/pjreiniger/bazel-central-registry/bzlmodrio/modules/upb/0.0.0-20220923-a547704/MODULE.bazel": "7298990c00040a0e2f121f6c32544bab27d4452f80d9ce51349b1a28f3005c43",
    "https://raw.githubusercontent.com/pjreiniger/bazel-central-registry/bzlmodrio/modules/upb/0.0.0-20220923-a547704/source.json": "f1ef7d3f9e0e26d4b23d1c39b5f5de71f584dd7d1b4ef83d9bbba6ec7a6a6459",
    "https://raw.githubusercontent.com/pjreiniger/bazel-central-registry/bzlmodrio/modules/zlib/1.2.11/MODULE.bazel": "07b389abc85fdbca459b69e2ec656ae5622873af3f845e1c9d80fe179f3effa0",
    "https://raw.githubusercontent.com/pjreiniger/bazel-central-registry/bzlmodrio/modules/zlib/1.2.12/MODULE.bazel": "3b1a8834ada2a883674be8cbd36ede1b6ec481477ada359cd2d3ddc562340b27",
    "https://raw.githubusercontent.com/pjreiniger/bazel-central-registry/bzlmodrio/modules/zlib/1.3.1.bcr.3/MODULE.bazel": "af322bc08976524477c79d1e45e241b6efbeb918c497e8840b8ab116802dda79",
    "https://raw.githubusercontent.com/pjreiniger/bazel-central-registry/bzlmodrio/modules/zlib/1.3.1.bcr.3/source.json": "2be409ac3c7601245958cd4fcdff4288be79ed23bd690b4b951f500d54ee6e7d"
  },
  "selectedYankedVersions": {},
  "moduleExtensions": {
    "//:maven_cpp_deps.bzl%setup_bzlmodrio_opencv_cpp_dependencies": {
      "general": {
        "bzlTransitiveDigest": "sBp53JK5gFYcljVUhxX3UbsYe4BWGIH+9LBaA9KBlOw=",
        "usagesDigest": "vhxByaADC/PkBGgs1cNgM5qjCi/O86FD6XfP3k/huw0=",
        "recordedFileInputs": {},
        "recordedDirentsInputs": {},
        "envVariables": {},
        "generatedRepoSpecs": {
          "bazelrio_edu_wpi_first_thirdparty_frc_opencv_opencv-cpp_linuxathena": {
            "bzlFile": "@@bazel_tools//tools/build_defs/repo:http.bzl",
            "ruleClassName": "http_archive",
            "attributes": {
              "url": "https://frcmaven.wpi.edu/release/edu/wpi/first/thirdparty/frc2024/opencv/opencv-cpp/4.8.0-4/opencv-cpp-4.8.0-4-linuxathena.zip",
              "sha256": "5c7d862c389bee565a21efef5579272afd9200cde5c2f9ff7e203916c90c5a41",
              "build_file": "@@//private/cpp/opencv:shared.BUILD.bazel"
            }
          },
          "bazelrio_edu_wpi_first_thirdparty_frc_opencv_opencv-cpp_linuxarm32staticdebug": {
            "bzlFile": "@@bazel_tools//tools/build_defs/repo:http.bzl",
            "ruleClassName": "http_archive",
            "attributes": {
              "url": "https://frcmaven.wpi.edu/release/edu/wpi/first/thirdparty/frc2024/opencv/opencv-cpp/4.8.0-4/opencv-cpp-4.8.0-4-linuxarm32staticdebug.zip",
              "sha256": "987c087e664e4d082387d8ac854f94796692d47b660785ffb1f1f541c6719494",
              "build_file": "@@//private/cpp/opencv:static.BUILD.bazel"
            }
          },
          "bazelrio_edu_wpi_first_thirdparty_frc_opencv_opencv-cpp_linuxarm64static": {
            "bzlFile": "@@bazel_tools//tools/build_defs/repo:http.bzl",
            "ruleClassName": "http_archive",
            "attributes": {
              "url": "https://frcmaven.wpi.edu/release/edu/wpi/first/thirdparty/frc2024/opencv/opencv-cpp/4.8.0-4/opencv-cpp-4.8.0-4-linuxarm64static.zip",
              "sha256": "bdd10f41325a54e94433a6ec673f3014d6692640b5ce9c3909fee5618d7bdab0",
              "build_file": "@@//private/cpp/opencv:static.BUILD.bazel"
            }
          },
          "bazelrio_edu_wpi_first_thirdparty_frc_opencv_opencv-cpp_headers": {
            "bzlFile": "@@bazel_tools//tools/build_defs/repo:http.bzl",
            "ruleClassName": "http_archive",
            "attributes": {
              "url": "https://frcmaven.wpi.edu/release/edu/wpi/first/thirdparty/frc2024/opencv/opencv-cpp/4.8.0-4/opencv-cpp-4.8.0-4-headers.zip",
              "sha256": "beb9a650f09094103e097571270cd2c5128941d6a6762f265390143e9ecd0916",
              "build_file_content": "cc_library(\n    name = \"headers\",\n    hdrs = glob([\"**\"]),\n    includes = [\".\"],\n    visibility = [\"//visibility:public\"],\n)\n\nfilegroup(\n    name = \"header_files\",\n    srcs = glob([\"**\"]),\n    visibility = [\"//visibility:public\"],\n)\n"
            }
          },
          "bazelrio_edu_wpi_first_thirdparty_frc_opencv_opencv-cpp_osxarm64": {
            "bzlFile": "@@bazel_tools//tools/build_defs/repo:http.bzl",
            "ruleClassName": "http_archive",
            "attributes": {
              "url": "https://frcmaven.wpi.edu/release/edu/wpi/first/thirdparty/frc2024/opencv/opencv-cpp/4.8.0-4/opencv-cpp-4.8.0-4-osxarm64.zip",
              "sha256": "086701e5d94463ff173dfb972c9f1122aa8cc4102f644ad7385c7f96bfe93494",
              "build_file": "@@//private/cpp/opencv:shared.BUILD.bazel"
            }
          },
          "bazelrio_edu_wpi_first_thirdparty_frc_opencv_opencv-cpp_linuxarm64staticdebug": {
            "bzlFile": "@@bazel_tools//tools/build_defs/repo:http.bzl",
            "ruleClassName": "http_archive",
            "attributes": {
              "url": "https://frcmaven.wpi.edu/release/edu/wpi/first/thirdparty/frc2024/opencv/opencv-cpp/4.8.0-4/opencv-cpp-4.8.0-4-linuxarm64staticdebug.zip",
              "sha256": "3501ad132d0331518b5651619fe913c9b24e1e3ccfa19addaaea5715ed93e5c3",
              "build_file": "@@//private/cpp/opencv:static.BUILD.bazel"
            }
          },
          "bazelrio_edu_wpi_first_thirdparty_frc_opencv_opencv-cpp_osxarm64debug": {
            "bzlFile": "@@bazel_tools//tools/build_defs/repo:http.bzl",
            "ruleClassName": "http_archive",
            "attributes": {
              "url": "https://frcmaven.wpi.edu/release/edu/wpi/first/thirdparty/frc2024/opencv/opencv-cpp/4.8.0-4/opencv-cpp-4.8.0-4-osxarm64debug.zip",
              "sha256": "e9232d75183484d57e4f0402baaaacff10807ed52e5f5635918fc5bb07c95e10",
              "build_file": "@@//private/cpp/opencv:shared.BUILD.bazel"
            }
          },
          "bazelrio_edu_wpi_first_thirdparty_frc_opencv_opencv-cpp_osxuniversal": {
            "bzlFile": "@@bazel_tools//tools/build_defs/repo:http.bzl",
            "ruleClassName": "http_archive",
            "attributes": {
              "url": "https://frcmaven.wpi.edu/release/edu/wpi/first/thirdparty/frc2024/opencv/opencv-cpp/4.8.0-4/opencv-cpp-4.8.0-4-osxuniversal.zip",
              "sha256": "7d4f3b395170c78c3586a538aad2562f4191e657a57b0843faae93eb1590f8ae",
              "build_file": "@@//private/cpp/opencv:shared.BUILD.bazel"
            }
          },
          "bazelrio_edu_wpi_first_thirdparty_frc_opencv_opencv-cpp_windowsarm64staticdebug": {
            "bzlFile": "@@bazel_tools//tools/build_defs/repo:http.bzl",
            "ruleClassName": "http_archive",
            "attributes": {
              "url": "https://frcmaven.wpi.edu/release/edu/wpi/first/thirdparty/frc2024/opencv/opencv-cpp/4.8.0-4/opencv-cpp-4.8.0-4-windowsarm64staticdebug.zip",
              "sha256": "5820be96eb01d3c0fe9684d2cbff11ba65646f7884fa6cf469a2093b4ee1013c",
              "build_file": "@@//private/cpp/opencv:static.BUILD.bazel"
            }
          },
          "bazelrio_edu_wpi_first_thirdparty_frc_opencv_opencv-cpp_linuxarm64": {
            "bzlFile": "@@bazel_tools//tools/build_defs/repo:http.bzl",
            "ruleClassName": "http_archive",
            "attributes": {
              "url": "https://frcmaven.wpi.edu/release/edu/wpi/first/thirdparty/frc2024/opencv/opencv-cpp/4.8.0-4/opencv-cpp-4.8.0-4-linuxarm64.zip",
              "sha256": "a33fea33003f18fa6796c7d6f60487f9bad763cce983f1011998f3bb32a02bba",
              "build_file": "@@//private/cpp/opencv:shared.BUILD.bazel"
            }
          },
          "bazelrio_edu_wpi_first_thirdparty_frc_opencv_opencv-cpp_linuxx86-64": {
            "bzlFile": "@@bazel_tools//tools/build_defs/repo:http.bzl",
            "ruleClassName": "http_archive",
            "attributes": {
              "url": "https://frcmaven.wpi.edu/release/edu/wpi/first/thirdparty/frc2024/opencv/opencv-cpp/4.8.0-4/opencv-cpp-4.8.0-4-linuxx86-64.zip",
              "sha256": "8bdd16771be1218095c174c2a8fde789b77fbd9675212c4d5c2000f46b794aa1",
              "build_file": "@@//private/cpp/opencv:shared.BUILD.bazel"
            }
          },
          "bazelrio_edu_wpi_first_thirdparty_frc_opencv_opencv-cpp_linuxathenadebug": {
            "bzlFile": "@@bazel_tools//tools/build_defs/repo:http.bzl",
            "ruleClassName": "http_archive",
            "attributes": {
              "url": "https://frcmaven.wpi.edu/release/edu/wpi/first/thirdparty/frc2024/opencv/opencv-cpp/4.8.0-4/opencv-cpp-4.8.0-4-linuxathenadebug.zip",
              "sha256": "9e704e6b0e97f7d522674e179dc6e4465e5b90e1a877bdd8e80be4aca04bb5c4",
              "build_file": "@@//private/cpp/opencv:shared.BUILD.bazel"
            }
          },
          "bazelrio_edu_wpi_first_thirdparty_frc_opencv_opencv-cpp_linuxarm32static": {
            "bzlFile": "@@bazel_tools//tools/build_defs/repo:http.bzl",
            "ruleClassName": "http_archive",
            "attributes": {
              "url": "https://frcmaven.wpi.edu/release/edu/wpi/first/thirdparty/frc2024/opencv/opencv-cpp/4.8.0-4/opencv-cpp-4.8.0-4-linuxarm32static.zip",
              "sha256": "d0adeacadc4dac495967a8d20af5843d6540ad9171a3eea163e67bfba376cded",
              "build_file": "@@//private/cpp/opencv:static.BUILD.bazel"
            }
          },
          "bazelrio_edu_wpi_first_thirdparty_frc_opencv_opencv-cpp_linuxx86-64debug": {
            "bzlFile": "@@bazel_tools//tools/build_defs/repo:http.bzl",
            "ruleClassName": "http_archive",
            "attributes": {
              "url": "https://frcmaven.wpi.edu/release/edu/wpi/first/thirdparty/frc2024/opencv/opencv-cpp/4.8.0-4/opencv-cpp-4.8.0-4-linuxx86-64debug.zip",
              "sha256": "4b571ac88cb153b0820a193e58cbd9414aa74ace0fea0fc06815f6e837b65665",
              "build_file": "@@//private/cpp/opencv:shared.BUILD.bazel"
            }
          },
          "bazelrio_edu_wpi_first_thirdparty_frc_opencv_opencv-cpp_linuxathenastaticdebug": {
            "bzlFile": "@@bazel_tools//tools/build_defs/repo:http.bzl",
            "ruleClassName": "http_archive",
            "attributes": {
              "url": "https://frcmaven.wpi.edu/release/edu/wpi/first/thirdparty/frc2024/opencv/opencv-cpp/4.8.0-4/opencv-cpp-4.8.0-4-linuxathenastaticdebug.zip",
              "sha256": "8dc18af4d0970d3beb7f2236486120734936e6bd2b8652dfbea832b560680daf",
              "build_file": "@@//private/cpp/opencv:static.BUILD.bazel"
            }
          },
          "bazelrio_edu_wpi_first_thirdparty_frc_opencv_opencv-cpp_osxuniversalstatic": {
            "bzlFile": "@@bazel_tools//tools/build_defs/repo:http.bzl",
            "ruleClassName": "http_archive",
            "attributes": {
              "url": "https://frcmaven.wpi.edu/release/edu/wpi/first/thirdparty/frc2024/opencv/opencv-cpp/4.8.0-4/opencv-cpp-4.8.0-4-osxuniversalstatic.zip",
              "sha256": "b9f607687569215a87a58e53b349d3c7930f23ea1c951af88a49dc5f25a19cf2",
              "build_file": "@@//private/cpp/opencv:static.BUILD.bazel"
            }
          },
          "bazelrio_edu_wpi_first_thirdparty_frc_opencv_opencv-cpp_windowsx86staticdebug": {
            "bzlFile": "@@bazel_tools//tools/build_defs/repo:http.bzl",
            "ruleClassName": "http_archive",
            "attributes": {
              "url": "https://frcmaven.wpi.edu/release/edu/wpi/first/thirdparty/frc2024/opencv/opencv-cpp/4.8.0-4/opencv-cpp-4.8.0-4-windowsx86staticdebug.zip",
              "sha256": "15fda9ecf5c0fe842c22217ba260766db1024a32219073d3412183ba1eabfa87",
              "build_file": "@@//private/cpp/opencv:static.BUILD.bazel"
            }
          },
          "bazelrio_edu_wpi_first_thirdparty_frc_opencv_opencv-cpp_windowsarm64static": {
            "bzlFile": "@@bazel_tools//tools/build_defs/repo:http.bzl",
            "ruleClassName": "http_archive",
            "attributes": {
              "url": "https://frcmaven.wpi.edu/release/edu/wpi/first/thirdparty/frc2024/opencv/opencv-cpp/4.8.0-4/opencv-cpp-4.8.0-4-windowsarm64static.zip",
              "sha256": "499f8b8f699fb0f5e1837db5e34f9a6f2ad690e78775eaa4ca156e203b4a40b7",
              "build_file": "@@//private/cpp/opencv:static.BUILD.bazel"
            }
          },
          "bazelrio_edu_wpi_first_thirdparty_frc_opencv_opencv-cpp_windowsx86-64static": {
            "bzlFile": "@@bazel_tools//tools/build_defs/repo:http.bzl",
            "ruleClassName": "http_archive",
            "attributes": {
              "url": "https://frcmaven.wpi.edu/release/edu/wpi/first/thirdparty/frc2024/opencv/opencv-cpp/4.8.0-4/opencv-cpp-4.8.0-4-windowsx86-64static.zip",
              "sha256": "d9d514fa28ed617b519e56ffa8d3acd72a320a4edd27dd7efa5299c6ae674e96",
              "build_file": "@@//private/cpp/opencv:static.BUILD.bazel"
            }
          },
          "bazelrio_edu_wpi_first_thirdparty_frc_opencv_opencv-cpp_linuxarm32debug": {
            "bzlFile": "@@bazel_tools//tools/build_defs/repo:http.bzl",
            "ruleClassName": "http_archive",
            "attributes": {
              "url": "https://frcmaven.wpi.edu/release/edu/wpi/first/thirdparty/frc2024/opencv/opencv-cpp/4.8.0-4/opencv-cpp-4.8.0-4-linuxarm32debug.zip",
              "sha256": "5a48cf06570e5e581f5e30f2ee61b49f8bc5c7c263d4a40b2a192e056deb3c64",
              "build_file": "@@//private/cpp/opencv:shared.BUILD.bazel"
            }
          },
          "bazelrio_edu_wpi_first_thirdparty_frc_opencv_opencv-cpp_windowsx86-64": {
            "bzlFile": "@@bazel_tools//tools/build_defs/repo:http.bzl",
            "ruleClassName": "http_archive",
            "attributes": {
              "url": "https://frcmaven.wpi.edu/release/edu/wpi/first/thirdparty/frc2024/opencv/opencv-cpp/4.8.0-4/opencv-cpp-4.8.0-4-windowsx86-64.zip",
              "sha256": "350d4a38951eecbe5bdacf87aa613b6a2a614df1790f3baa76b0f1af667763f9",
              "build_file": "@@//private/cpp/opencv:shared.BUILD.bazel"
            }
          },
          "bazelrio_edu_wpi_first_thirdparty_frc_opencv_opencv-cpp_windowsx86static": {
            "bzlFile": "@@bazel_tools//tools/build_defs/repo:http.bzl",
            "ruleClassName": "http_archive",
            "attributes": {
              "url": "https://frcmaven.wpi.edu/release/edu/wpi/first/thirdparty/frc2024/opencv/opencv-cpp/4.8.0-4/opencv-cpp-4.8.0-4-windowsx86static.zip",
              "sha256": "10a2911f5732a877a96a48dee1aa470f1ba48540383b88f23ebd81fe00f1e635",
              "build_file": "@@//private/cpp/opencv:static.BUILD.bazel"
            }
          },
          "bazelrio_edu_wpi_first_thirdparty_frc_opencv_opencv-cpp_linuxx86-64staticdebug": {
            "bzlFile": "@@bazel_tools//tools/build_defs/repo:http.bzl",
            "ruleClassName": "http_archive",
            "attributes": {
              "url": "https://frcmaven.wpi.edu/release/edu/wpi/first/thirdparty/frc2024/opencv/opencv-cpp/4.8.0-4/opencv-cpp-4.8.0-4-linuxx86-64staticdebug.zip",
              "sha256": "e6322ec5762c674a6cce824999fd0690b5e8ac21483e741fe8290a68737c1864",
              "build_file": "@@//private/cpp/opencv:static.BUILD.bazel"
            }
          },
          "bazelrio_edu_wpi_first_thirdparty_frc_opencv_opencv-cpp_sources": {
            "bzlFile": "@@bazel_tools//tools/build_defs/repo:http.bzl",
            "ruleClassName": "http_archive",
            "attributes": {
              "url": "https://frcmaven.wpi.edu/release/edu/wpi/first/thirdparty/frc2024/opencv/opencv-cpp/4.8.0-4/opencv-cpp-4.8.0-4-sources.zip",
              "sha256": "573b2145e251a520918499c0ed2ad7752360188613fc392419a2315bcc57655b",
              "build_file_content": "filegroup(\n     name = \"sources\",\n     srcs = glob([\"**\"]),\n     visibility = [\"//visibility:public\"],\n )\n "
            }
          },
          "bazelrio_edu_wpi_first_thirdparty_frc_opencv_opencv-cpp_linuxathenastatic": {
            "bzlFile": "@@bazel_tools//tools/build_defs/repo:http.bzl",
            "ruleClassName": "http_archive",
            "attributes": {
              "url": "https://frcmaven.wpi.edu/release/edu/wpi/first/thirdparty/frc2024/opencv/opencv-cpp/4.8.0-4/opencv-cpp-4.8.0-4-linuxathenastatic.zip",
              "sha256": "697041a974a1e52889da520c4a3f12ca47ee900ff334744e5e57f669a0a417c9",
              "build_file": "@@//private/cpp/opencv:static.BUILD.bazel"
            }
          },
          "bazelrio_edu_wpi_first_thirdparty_frc_opencv_opencv-cpp_windowsx86": {
            "bzlFile": "@@bazel_tools//tools/build_defs/repo:http.bzl",
            "ruleClassName": "http_archive",
            "attributes": {
              "url": "https://frcmaven.wpi.edu/release/edu/wpi/first/thirdparty/frc2024/opencv/opencv-cpp/4.8.0-4/opencv-cpp-4.8.0-4-windowsx86.zip",
              "sha256": "71d61b8a56f8bda55527e7f94050b75b09ef4d00d78c362a6f6c1288cdc116ff",
              "build_file": "@@//private/cpp/opencv:shared.BUILD.bazel"
            }
          },
          "bazelrio_edu_wpi_first_thirdparty_frc_opencv_opencv-cpp_linuxx86-64static": {
            "bzlFile": "@@bazel_tools//tools/build_defs/repo:http.bzl",
            "ruleClassName": "http_archive",
            "attributes": {
              "url": "https://frcmaven.wpi.edu/release/edu/wpi/first/thirdparty/frc2024/opencv/opencv-cpp/4.8.0-4/opencv-cpp-4.8.0-4-linuxx86-64static.zip",
              "sha256": "dc0be2fdb259ebc1ee4aa86f729ae78b9d524f3a703ecaf08035af1ffe2deb1c",
              "build_file": "@@//private/cpp/opencv:static.BUILD.bazel"
            }
          },
          "bazelrio_edu_wpi_first_thirdparty_frc_opencv_opencv-cpp_osxuniversaldebug": {
            "bzlFile": "@@bazel_tools//tools/build_defs/repo:http.bzl",
            "ruleClassName": "http_archive",
            "attributes": {
              "url": "https://frcmaven.wpi.edu/release/edu/wpi/first/thirdparty/frc2024/opencv/opencv-cpp/4.8.0-4/opencv-cpp-4.8.0-4-osxuniversaldebug.zip",
              "sha256": "cc40d725b1009d223e0dd5310970b4520178d52a2ef1a51b0dad0c5a109f9f13",
              "build_file": "@@//private/cpp/opencv:shared.BUILD.bazel"
            }
          },
          "bazelrio_edu_wpi_first_thirdparty_frc_opencv_opencv-cpp_osxarm64staticdebug": {
            "bzlFile": "@@bazel_tools//tools/build_defs/repo:http.bzl",
            "ruleClassName": "http_archive",
            "attributes": {
              "url": "https://frcmaven.wpi.edu/release/edu/wpi/first/thirdparty/frc2024/opencv/opencv-cpp/4.8.0-4/opencv-cpp-4.8.0-4-osxarm64staticdebug.zip",
              "sha256": "2ec6ecdb896546a3199d6840a431432dfe1cf5ca798450ba3ce4915cd21bfdf5",
              "build_file": "@@//private/cpp/opencv:static.BUILD.bazel"
            }
          },
          "bazelrio_edu_wpi_first_thirdparty_frc_opencv_opencv-cpp_windowsx86-64staticdebug": {
            "bzlFile": "@@bazel_tools//tools/build_defs/repo:http.bzl",
            "ruleClassName": "http_archive",
            "attributes": {
              "url": "https://frcmaven.wpi.edu/release/edu/wpi/first/thirdparty/frc2024/opencv/opencv-cpp/4.8.0-4/opencv-cpp-4.8.0-4-windowsx86-64staticdebug.zip",
              "sha256": "51436122d06a0699d7fd24f8f384a8056a5957fc5f20c2937e84efbd884f4a83",
              "build_file": "@@//private/cpp/opencv:static.BUILD.bazel"
            }
          },
          "bazelrio_edu_wpi_first_thirdparty_frc_opencv_opencv-cpp_windowsx86-64debug": {
            "bzlFile": "@@bazel_tools//tools/build_defs/repo:http.bzl",
            "ruleClassName": "http_archive",
            "attributes": {
              "url": "https://frcmaven.wpi.edu/release/edu/wpi/first/thirdparty/frc2024/opencv/opencv-cpp/4.8.0-4/opencv-cpp-4.8.0-4-windowsx86-64debug.zip",
              "sha256": "06646ead25cda99b12866809ced8429fad39affa8bc71df1d9d532a4f3e6e614",
              "build_file": "@@//private/cpp/opencv:shared.BUILD.bazel"
            }
          },
          "bazelrio_edu_wpi_first_thirdparty_frc_opencv_opencv-cpp_windowsarm64debug": {
            "bzlFile": "@@bazel_tools//tools/build_defs/repo:http.bzl",
            "ruleClassName": "http_archive",
            "attributes": {
              "url": "https://frcmaven.wpi.edu/release/edu/wpi/first/thirdparty/frc2024/opencv/opencv-cpp/4.8.0-4/opencv-cpp-4.8.0-4-windowsarm64debug.zip",
              "sha256": "22d068523e7aa72e94685e037d17aabd5555febe8e7c83bd17f3af0faabb70c8",
              "build_file": "@@//private/cpp/opencv:shared.BUILD.bazel"
            }
          },
          "bazelrio_edu_wpi_first_thirdparty_frc_opencv_opencv-cpp_linuxarm32": {
            "bzlFile": "@@bazel_tools//tools/build_defs/repo:http.bzl",
            "ruleClassName": "http_archive",
            "attributes": {
              "url": "https://frcmaven.wpi.edu/release/edu/wpi/first/thirdparty/frc2024/opencv/opencv-cpp/4.8.0-4/opencv-cpp-4.8.0-4-linuxarm32.zip",
              "sha256": "9257a17c13de00239f45bfc26f8cd9b2c275a09ac8e62646728c52efbe14f105",
              "build_file": "@@//private/cpp/opencv:shared.BUILD.bazel"
            }
          },
          "bazelrio_edu_wpi_first_thirdparty_frc_opencv_opencv-cpp_osxarm64static": {
            "bzlFile": "@@bazel_tools//tools/build_defs/repo:http.bzl",
            "ruleClassName": "http_archive",
            "attributes": {
              "url": "https://frcmaven.wpi.edu/release/edu/wpi/first/thirdparty/frc2024/opencv/opencv-cpp/4.8.0-4/opencv-cpp-4.8.0-4-osxarm64static.zip",
              "sha256": "9b034a92ee05d0980c39ea0770a14b01bc3ee9f15788f468e384b43a7d00c913",
              "build_file": "@@//private/cpp/opencv:static.BUILD.bazel"
            }
          },
          "bazelrio_edu_wpi_first_thirdparty_frc_opencv_opencv-cpp_linuxarm64debug": {
            "bzlFile": "@@bazel_tools//tools/build_defs/repo:http.bzl",
            "ruleClassName": "http_archive",
            "attributes": {
              "url": "https://frcmaven.wpi.edu/release/edu/wpi/first/thirdparty/frc2024/opencv/opencv-cpp/4.8.0-4/opencv-cpp-4.8.0-4-linuxarm64debug.zip",
              "sha256": "20c0cb9a66b7c8f92a4cc486b3ff1e2056050c25e953720114c9d2c8826bd39b",
              "build_file": "@@//private/cpp/opencv:shared.BUILD.bazel"
            }
          },
          "bazelrio_edu_wpi_first_thirdparty_frc_opencv_opencv-cpp_windowsarm64": {
            "bzlFile": "@@bazel_tools//tools/build_defs/repo:http.bzl",
            "ruleClassName": "http_archive",
            "attributes": {
              "url": "https://frcmaven.wpi.edu/release/edu/wpi/first/thirdparty/frc2024/opencv/opencv-cpp/4.8.0-4/opencv-cpp-4.8.0-4-windowsarm64.zip",
              "sha256": "3e999f0bccd93098d386f438c541770dccb03269640d63b46814db921208ecd9",
              "build_file": "@@//private/cpp/opencv:shared.BUILD.bazel"
            }
          },
          "bazelrio_edu_wpi_first_thirdparty_frc_opencv_opencv-cpp_osxuniversalstaticdebug": {
            "bzlFile": "@@bazel_tools//tools/build_defs/repo:http.bzl",
            "ruleClassName": "http_archive",
            "attributes": {
              "url": "https://frcmaven.wpi.edu/release/edu/wpi/first/thirdparty/frc2024/opencv/opencv-cpp/4.8.0-4/opencv-cpp-4.8.0-4-osxuniversalstaticdebug.zip",
              "sha256": "7a33b97e7ea4ca3feed9d7c327e387508a9b9d177e2c15f922b265daec780f58",
              "build_file": "@@//private/cpp/opencv:static.BUILD.bazel"
            }
          },
          "bazelrio_edu_wpi_first_thirdparty_frc_opencv_opencv-cpp_windowsx86debug": {
            "bzlFile": "@@bazel_tools//tools/build_defs/repo:http.bzl",
            "ruleClassName": "http_archive",
            "attributes": {
              "url": "https://frcmaven.wpi.edu/release/edu/wpi/first/thirdparty/frc2024/opencv/opencv-cpp/4.8.0-4/opencv-cpp-4.8.0-4-windowsx86debug.zip",
              "sha256": "5158d19abbab6340ccf7f1a4f6fef590472d63d77e388730ce0793cb78a578d3",
              "build_file": "@@//private/cpp/opencv:shared.BUILD.bazel"
            }
          }
        },
        "recordedRepoMappingEntries": [
          [
            "",
            "bazel_tools",
            "bazel_tools"
          ]
        ]
      }
    },
    "//:maven_java_deps.bzl%setup_bzlmodrio_opencv_java_dependencies": {
      "general": {
        "bzlTransitiveDigest": "Kd9rXb+bpbKMmer3qeLomCLs2puGNQhVvr5X5XDGNk0=",
        "usagesDigest": "hbXWOixD8elc3i4wc1XwwkX4e03LDsch5nSee9wbSB8=",
        "recordedFileInputs": {},
        "recordedDirentsInputs": {},
        "envVariables": {},
        "generatedRepoSpecs": {
          "edu_wpi_first_thirdparty_frc2024_opencv_opencv_java": {
            "bzlFile": "@@bazel_tools//tools/build_defs/repo:jvm.bzl",
            "ruleClassName": "jvm_import_external",
            "attributes": {
              "generated_rule_name": "edu_wpi_first_thirdparty_frc2024_opencv_opencv_java",
              "artifact_urls": [
                "https://frcmaven.wpi.edu/release/edu/wpi/first/thirdparty/frc2024/opencv/opencv-java/4.8.0-4/opencv-java-4.8.0-4.jar"
              ],
              "srcjar_urls": [],
              "canonical_id": "edu.wpi.first.thirdparty.frc2024.opencv:opencv-java:4.8.0-4",
              "rule_name": "java_import",
              "tags": [
                "maven_coordinates=edu.wpi.first.thirdparty.frc2024.opencv:opencv-java:4.8.0-4"
              ],
              "artifact_sha256": "60b9d8b35165e8623f98462f1d1bf750b61fdcb905e0a54bb2a68c6d6dc2e93d"
            }
          }
        },
        "recordedRepoMappingEntries": [
          [
            "",
            "bazel_tools",
            "bazel_tools"
          ]
        ]
      }
    },
    "@@apple_support~//crosstool:setup.bzl%apple_cc_configure_extension": {
      "general": {
        "bzlTransitiveDigest": "PjIds3feoYE8SGbbIq2SFTZy3zmxeO2tQevJZNDo7iY=",
        "usagesDigest": "aLmqbvowmHkkBPve05yyDNGN7oh7QE9kBADr3QIZTZs=",
        "recordedFileInputs": {},
        "recordedDirentsInputs": {},
        "envVariables": {},
        "generatedRepoSpecs": {
          "local_config_apple_cc": {
            "bzlFile": "@@apple_support~//crosstool:setup.bzl",
            "ruleClassName": "_apple_cc_autoconf",
            "attributes": {}
          },
          "local_config_apple_cc_toolchains": {
            "bzlFile": "@@apple_support~//crosstool:setup.bzl",
            "ruleClassName": "_apple_cc_autoconf_toolchains",
            "attributes": {}
          }
        },
        "recordedRepoMappingEntries": [
          [
            "apple_support~",
            "bazel_tools",
            "bazel_tools"
          ]
        ]
      }
    },
    "@@platforms//host:extension.bzl%host_platform": {
      "general": {
        "bzlTransitiveDigest": "xelQcPZH8+tmuOHVjL9vDxMnnQNMlwj0SlvgoqBkm4U=",
        "usagesDigest": "meSzxn3DUCcYEhq4HQwExWkWtU4EjriRBQLsZN+Q0SU=",
        "recordedFileInputs": {},
        "recordedDirentsInputs": {},
        "envVariables": {},
        "generatedRepoSpecs": {
          "host_platform": {
            "bzlFile": "@@platforms//host:extension.bzl",
            "ruleClassName": "host_platform_repo",
            "attributes": {}
          }
        },
        "recordedRepoMappingEntries": []
      }
    },
    "@@rules_bzlmodrio_toolchains~//:extensions.bzl%sh_configure": {
      "general": {
        "bzlTransitiveDigest": "j4O0iFZXZn73f671MC8nnNxQjAgGlUpgGlxBz+nI3Ks=",
        "usagesDigest": "KICWImhyQI7s9EpJ8C0PiCIFZi0j2wtjrA8e/tajlEA=",
        "recordedFileInputs": {},
        "recordedDirentsInputs": {},
        "envVariables": {},
        "generatedRepoSpecs": {
          "local_bullseye_64": {
            "bzlFile": "@@rules_bzlmodrio_toolchains~//toolchains:configure_cross_compiler.bzl",
            "ruleClassName": "configure_cross_compiler",
            "attributes": {
              "compiler": "bullseye-64",
              "bin_subfolder": "bullseye/bin",
              "bin_prefix": "aarch64-bullseye-linux-gnu-",
              "sysroot_subfolder": "bullseye/aarch64-linux-gnu/sysroot",
              "cxx_version": "10",
              "sysroot_include_folder": "aarch64-linux-gnu",
              "repo_shortname": "bullseye_64"
            }
          },
          "local_roborio": {
            "bzlFile": "@@rules_bzlmodrio_toolchains~//toolchains:configure_cross_compiler.bzl",
            "ruleClassName": "configure_cross_compiler",
            "attributes": {
              "compiler": "roborio",
              "bin_subfolder": "roborio-academic/bin",
              "bin_prefix": "arm-frc2024-linux-gnueabi-",
              "sysroot_subfolder": "roborio-academic/arm-nilrt-linux-gnueabi/sysroot",
              "cxx_version": "12",
              "sysroot_include_folder": "arm-nilrt-linux-gnueabi",
              "repo_shortname": "roborio"
            }
          },
          "local_bullseye_32": {
            "bzlFile": "@@rules_bzlmodrio_toolchains~//toolchains:configure_cross_compiler.bzl",
            "ruleClassName": "configure_cross_compiler",
            "attributes": {
              "compiler": "bullseye-32",
              "bin_subfolder": "bullseye/bin",
              "bin_prefix": "armv7-bullseye-linux-gnueabihf-",
              "sysroot_subfolder": "bullseye/arm-linux-gnueabihf/sysroot",
              "cxx_version": "10",
              "sysroot_include_folder": "arm-linux-gnueabihf",
              "repo_shortname": "bullseye_32"
            }
          },
          "local_raspi_32": {
            "bzlFile": "@@rules_bzlmodrio_toolchains~//toolchains:configure_cross_compiler.bzl",
            "ruleClassName": "configure_cross_compiler",
            "attributes": {
              "compiler": "raspi-32",
              "bin_subfolder": "raspi-bullseye/bin",
              "bin_prefix": "armv6-bullseye-linux-gnueabihf-",
              "sysroot_subfolder": "raspi-bullseye/arm-linux-gnueabihf/sysroot",
              "cxx_version": "10",
              "sysroot_include_folder": "arm-linux-gnueabihf",
              "repo_shortname": "raspi_32"
            }
          }
        },
        "recordedRepoMappingEntries": []
      }
    }
  }
}
